github.com/gorilla/mux v1.8.0 h1:i40aqfkR1h2SlN9hojwV5ZA91wcXFOvkdNIeFDP5koI=
github.com/gorilla/mux v1.8.0/go.mod h1:DVbg23sWSpFRCP0SfiEN6jmj59UnW/n46BH5rLB71So=
github.com/wonderivan/logger v1.0.0 h1:Z6Nz+3SNcizolx3ARH11axdD4DXjFpb2J+ziGUVlv/U=
github.com/wonderivan/logger v1.0.0/go.mod h1:NObMfQ3WOLKfYEZuGeZQfuQfSPE5+QNgRddVMzsAT/k=
